
Microsoft Visual Studio Solution File, Format Version 12.00
# Visual Studio 15
VisualStudioVersion = 15.0.27703.2018
MinimumVisualStudioVersion = 10.0.40219.1
Project("{FAE04EC0-301F-11D3-BF4B-00C04F79EFBC}") = "GitCiCdTest", "GitCiCdTest\GitCiCdTest.csproj", "{66A47017-8240-461F-9603-4D8DED0E0D38}"
EndProject
Global
	GlobalSection(SolutionConfigurationPlatforms) = preSolution
		Debug|Any CPU = Debug|Any CPU
		Release|Any CPU = Release|Any CPU
	EndGlobalSection
	GlobalSection(ProjectConfigurationPlatforms) = postSolution
		{66A47017-8240-461F-9603-4D8DED0E0D38}.Debug|Any CPU.ActiveCfg = Debug|Any CPU
		{66A47017-8240-461F-9603-4D8DED0E0D38}.Debug|Any CPU.Build.0 = Debug|Any CPU
		{66A47017-8240-461F-9603-4D8DED0E0D38}.Release|Any CPU.ActiveCfg = Release|Any CPU
		{66A47017-8240-461F-9603-4D8DED0E0D38}.Release|Any CPU.Build.0 = Release|Any CPU
	EndGlobalSection
	GlobalSection(SolutionProperties) = preSolution
		HideSolutionNode = FALSE
	EndGlobalSection
	GlobalSection(ExtensibilityGlobals) = postSolution
		SolutionGuid = {928DB5EC-7C73-4864-8793-F68F8AAAD68F}
	EndGlobalSection
EndGlobal
